// !$*UTF8*$!
{
	archiveVersion = 1;
	classes = {
	};
	objectVersion = 56;
	objects = {

/* Begin PBXBuildFile section */
		D6F0D20D2C75D00200F4F72A /* AppDelegate.swift in Sources */ = {isa = PBXBuildFile; fileRef = D6F0D20C2C75D00200F4F72A /* AppDelegate.swift */; };
		D6F0D20F2C75D00200F4F72A /* SceneDelegate.swift in Sources */ = {isa = PBXBuildFile; fileRef = D6F0D20E2C75D00200F4F72A /* SceneDelegate.swift */; };
		D6F0D2112C75D00200F4F72A /* MainTabBarViewController.swift in Sources */ = {isa = PBXBuildFile; fileRef = D6F0D2102C75D00200F4F72A /* MainTabBarViewController.swift */; };
		D6F0D2142C75D00200F4F72A /* Base in Resources */ = {isa = PBXBuildFile; fileRef = D6F0D2132C75D00200F4F72A /* Base */; };
		D6F0D2162C75D00400F4F72A /* Assets.xcassets in Resources */ = {isa = PBXBuildFile; fileRef = D6F0D2152C75D00400F4F72A /* Assets.xcassets */; };
		D6F0D2192C75D00400F4F72A /* Base in Resources */ = {isa = PBXBuildFile; fileRef = D6F0D2182C75D00400F4F72A /* Base */; };
		D6F0D2242C75D00400F4F72A /* EX_NetflixTests.swift in Sources */ = {isa = PBXBuildFile; fileRef = D6F0D2232C75D00400F4F72A /* EX_NetflixTests.swift */; };
		D6F0D22E2C75D00400F4F72A /* EX_NetflixUITests.swift in Sources */ = {isa = PBXBuildFile; fileRef = D6F0D22D2C75D00400F4F72A /* EX_NetflixUITests.swift */; };
		D6F0D2302C75D00400F4F72A /* EX_NetflixUITestsLaunchTests.swift in Sources */ = {isa = PBXBuildFile; fileRef = D6F0D22F2C75D00400F4F72A /* EX_NetflixUITestsLaunchTests.swift */; };
		D6F0D2402C76D2E300F4F72A /* HomeViewController.swift in Sources */ = {isa = PBXBuildFile; fileRef = D6F0D23F2C76D2E300F4F72A /* HomeViewController.swift */; };
		D6F0D2422C76D30500F4F72A /* UpcomingViewController.swift in Sources */ = {isa = PBXBuildFile; fileRef = D6F0D2412C76D30500F4F72A /* UpcomingViewController.swift */; };
		D6F0D2442C76D31D00F4F72A /* SearchViewController.swift in Sources */ = {isa = PBXBuildFile; fileRef = D6F0D2432C76D31D00F4F72A /* SearchViewController.swift */; };
		D6F0D2462C76D33400F4F72A /* DownloadsViewController.swift in Sources */ = {isa = PBXBuildFile; fileRef = D6F0D2452C76D33400F4F72A /* DownloadsViewController.swift */; };
		D6F0D24D2C76F28300F4F72A /* CollectionViewTableViewCell.swift in Sources */ = {isa = PBXBuildFile; fileRef = D6F0D24C2C76F28300F4F72A /* CollectionViewTableViewCell.swift */; };
/* End PBXBuildFile section */

/* Begin PBXContainerItemProxy section */
		D6F0D2202C75D00400F4F72A /* PBXContainerItemProxy */ = {
			isa = PBXContainerItemProxy;
			containerPortal = D6F0D2012C75D00200F4F72A /* Project object */;
			proxyType = 1;
			remoteGlobalIDString = D6F0D2082C75D00200F4F72A;
			remoteInfo = EX_Netflix;
		};
		D6F0D22A2C75D00400F4F72A /* PBXContainerItemProxy */ = {
			isa = PBXContainerItemProxy;
			containerPortal = D6F0D2012C75D00200F4F72A /* Project object */;
			proxyType = 1;
			remoteGlobalIDString = D6F0D2082C75D00200F4F72A;
			remoteInfo = EX_Netflix;
		};
/* End PBXContainerItemProxy section */

/* Begin PBXFileReference section */
		D6F0D2092C75D00200F4F72A /* EX_Netflix.app */ = {isa = PBXFileReference; explicitFileType = wrapper.application; includeInIndex = 0; path = EX_Netflix.app; sourceTree = BUILT_PRODUCTS_DIR; };
		D6F0D20C2C75D00200F4F72A /* AppDelegate.swift */ = {isa = PBXFileReference; lastKnownFileType = sourcecode.swift; path = AppDelegate.swift; sourceTree = "<group>"; };
		D6F0D20E2C75D00200F4F72A /* SceneDelegate.swift */ = {isa = PBXFileReference; lastKnownFileType = sourcecode.swift; path = SceneDelegate.swift; sourceTree = "<group>"; };
		D6F0D2102C75D00200F4F72A /* MainTabBarViewController.swift */ = {isa = PBXFileReference; lastKnownFileType = sourcecode.swift; path = MainTabBarViewController.swift; sourceTree = "<group>"; };
		D6F0D2132C75D00200F4F72A /* Base */ = {isa = PBXFileReference; lastKnownFileType = file.storyboard; name = Base; path = Base.lproj/Main.storyboard; sourceTree = "<group>"; };
		D6F0D2152C75D00400F4F72A /* Assets.xcassets */ = {isa = PBXFileReference; lastKnownFileType = folder.assetcatalog; path = Assets.xcassets; sourceTree = "<group>"; };
		D6F0D2182C75D00400F4F72A /* Base */ = {isa = PBXFileReference; lastKnownFileType = file.storyboard; name = Base; path = Base.lproj/LaunchScreen.storyboard; sourceTree = "<group>"; };
		D6F0D21A2C75D00400F4F72A /* Info.plist */ = {isa = PBXFileReference; lastKnownFileType = text.plist.xml; path = Info.plist; sourceTree = "<group>"; };
		D6F0D21F2C75D00400F4F72A /* EX_NetflixTests.xctest */ = {isa = PBXFileReference; explicitFileType = wrapper.cfbundle; includeInIndex = 0; path = EX_NetflixTests.xctest; sourceTree = BUILT_PRODUCTS_DIR; };
		D6F0D2232C75D00400F4F72A /* EX_NetflixTests.swift */ = {isa = PBXFileReference; lastKnownFileType = sourcecode.swift; path = EX_NetflixTests.swift; sourceTree = "<group>"; };
		D6F0D2292C75D00400F4F72A /* EX_NetflixUITests.xctest */ = {isa = PBXFileReference; explicitFileType = wrapper.cfbundle; includeInIndex = 0; path = EX_NetflixUITests.xctest; sourceTree = BUILT_PRODUCTS_DIR; };
		D6F0D22D2C75D00400F4F72A /* EX_NetflixUITests.swift */ = {isa = PBXFileReference; lastKnownFileType = sourcecode.swift; path = EX_NetflixUITests.swift; sourceTree = "<group>"; };
		D6F0D22F2C75D00400F4F72A /* EX_NetflixUITestsLaunchTests.swift */ = {isa = PBXFileReference; lastKnownFileType = sourcecode.swift; path = EX_NetflixUITestsLaunchTests.swift; sourceTree = "<group>"; };
		D6F0D23F2C76D2E300F4F72A /* HomeViewController.swift */ = {isa = PBXFileReference; lastKnownFileType = sourcecode.swift; path = HomeViewController.swift; sourceTree = "<group>"; };
		D6F0D2412C76D30500F4F72A /* UpcomingViewController.swift */ = {isa = PBXFileReference; lastKnownFileType = sourcecode.swift; path = UpcomingViewController.swift; sourceTree = "<group>"; };
		D6F0D2432C76D31D00F4F72A /* SearchViewController.swift */ = {isa = PBXFileReference; lastKnownFileType = sourcecode.swift; path = SearchViewController.swift; sourceTree = "<group>"; };
		D6F0D2452C76D33400F4F72A /* DownloadsViewController.swift */ = {isa = PBXFileReference; lastKnownFileType = sourcecode.swift; path = DownloadsViewController.swift; sourceTree = "<group>"; };
		D6F0D24C2C76F28300F4F72A /* CollectionViewTableViewCell.swift */ = {isa = PBXFileReference; lastKnownFileType = sourcecode.swift; path = CollectionViewTableViewCell.swift; sourceTree = "<group>"; };
/* End PBXFileReference section */

/* Begin PBXFrameworksBuildPhase section */
		D6F0D2062C75D00200F4F72A /* Frameworks */ = {
			isa = PBXFrameworksBuildPhase;
			buildActionMask = 2147483647;
			files = (
			);
			runOnlyForDeploymentPostprocessing = 0;
		};
		D6F0D21C2C75D00400F4F72A /* Frameworks */ = {
			isa = PBXFrameworksBuildPhase;
			buildActionMask = 2147483647;
			files = (
			);
			runOnlyForDeploymentPostprocessing = 0;
		};
		D6F0D2262C75D00400F4F72A /* Frameworks */ = {
			isa = PBXFrameworksBuildPhase;
			buildActionMask = 2147483647;
			files = (
			);
			runOnlyForDeploymentPostprocessing = 0;
		};
/* End PBXFrameworksBuildPhase section */

/* Begin PBXGroup section */
		D6F0D2002C75D00200F4F72A = {
			isa = PBXGroup;
			children = (
				D6F0D20B2C75D00200F4F72A /* EX_Netflix */,
				D6F0D2222C75D00400F4F72A /* EX_NetflixTests */,
				D6F0D22C2C75D00400F4F72A /* EX_NetflixUITests */,
				D6F0D20A2C75D00200F4F72A /* Products */,
			);
			sourceTree = "<group>";
		};
		D6F0D20A2C75D00200F4F72A /* Products */ = {
			isa = PBXGroup;
			children = (
				D6F0D2092C75D00200F4F72A /* EX_Netflix.app */,
				D6F0D21F2C75D00400F4F72A /* EX_NetflixTests.xctest */,
				D6F0D2292C75D00400F4F72A /* EX_NetflixUITests.xctest */,
			);
			name = Products;
			sourceTree = "<group>";
		};
		D6F0D20B2C75D00200F4F72A /* EX_Netflix */ = {
			isa = PBXGroup;
			children = (
				D6F0D24B2C76F24300F4F72A /* Manager */,
				D6F0D24A2C76F23A00F4F72A /* Resource */,
				D6F0D2492C76F20E00F4F72A /* Model */,
				D6F0D2472C76F10000F4F72A /* View */,
				D6F0D2482C76F20800F4F72A /* ViewModel */,
				D6F0D23C2C76D2A900F4F72A /* Controllers */,
				D6F0D20C2C75D00200F4F72A /* AppDelegate.swift */,
				D6F0D20E2C75D00200F4F72A /* SceneDelegate.swift */,
				D6F0D2102C75D00200F4F72A /* MainTabBarViewController.swift */,
				D6F0D2122C75D00200F4F72A /* Main.storyboard */,
				D6F0D2152C75D00400F4F72A /* Assets.xcassets */,
				D6F0D2172C75D00400F4F72A /* LaunchScreen.storyboard */,
				D6F0D21A2C75D00400F4F72A /* Info.plist */,
			);
			path = EX_Netflix;
			sourceTree = "<group>";
		};
		D6F0D2222C75D00400F4F72A /* EX_NetflixTests */ = {
			isa = PBXGroup;
			children = (
				D6F0D2232C75D00400F4F72A /* EX_NetflixTests.swift */,
			);
			path = EX_NetflixTests;
			sourceTree = "<group>";
		};
		D6F0D22C2C75D00400F4F72A /* EX_NetflixUITests */ = {
			isa = PBXGroup;
			children = (
				D6F0D22D2C75D00400F4F72A /* EX_NetflixUITests.swift */,
				D6F0D22F2C75D00400F4F72A /* EX_NetflixUITestsLaunchTests.swift */,
			);
			path = EX_NetflixUITests;
			sourceTree = "<group>";
		};
		D6F0D23C2C76D2A900F4F72A /* Controllers */ = {
			isa = PBXGroup;
			children = (
				D6F0D23F2C76D2E300F4F72A /* HomeViewController.swift */,
				D6F0D2412C76D30500F4F72A /* UpcomingViewController.swift */,
				D6F0D2432C76D31D00F4F72A /* SearchViewController.swift */,
				D6F0D2452C76D33400F4F72A /* DownloadsViewController.swift */,
			);
			path = Controllers;
			sourceTree = "<group>";
		};
		D6F0D2472C76F10000F4F72A /* View */ = {
			isa = PBXGroup;
			children = (
				D6F0D24C2C76F28300F4F72A /* CollectionViewTableViewCell.swift */,
			);
			path = View;
			sourceTree = "<group>";
		};
		D6F0D2482C76F20800F4F72A /* ViewModel */ = {
			isa = PBXGroup;
			children = (
			);
			path = ViewModel;
			sourceTree = "<group>";
		};
		D6F0D2492C76F20E00F4F72A /* Model */ = {
			isa = PBXGroup;
			children = (
			);
			path = Model;
			sourceTree = "<group>";
		};
		D6F0D24A2C76F23A00F4F72A /* Resource */ = {
			isa = PBXGroup;
			children = (
			);
			path = Resource;
			sourceTree = "<group>";
		};
		D6F0D24B2C76F24300F4F72A /* Manager */ = {
			isa = PBXGroup;
			children = (
			);
			path = Manager;
			sourceTree = "<group>";
		};
/* End PBXGroup section */

/* Begin PBXNativeTarget section */
		D6F0D2082C75D00200F4F72A /* EX_Netflix */ = {
			isa = PBXNativeTarget;
			buildConfigurationList = D6F0D2332C75D00400F4F72A /* Build configuration list for PBXNativeTarget "EX_Netflix" */;
			buildPhases = (
				D6F0D2052C75D00200F4F72A /* Sources */,
				D6F0D2062C75D00200F4F72A /* Frameworks */,
				D6F0D2072C75D00200F4F72A /* Resources */,
			);
			buildRules = (
			);
			dependencies = (
			);
			name = EX_Netflix;
			productName = EX_Netflix;
			productReference = D6F0D2092C75D00200F4F72A /* EX_Netflix.app */;
			productType = "com.apple.product-type.application";
		};
		D6F0D21E2C75D00400F4F72A /* EX_NetflixTests */ = {
			isa = PBXNativeTarget;
			buildConfigurationList = D6F0D2362C75D00400F4F72A /* Build configuration list for PBXNativeTarget "EX_NetflixTests" */;
			buildPhases = (
				D6F0D21B2C75D00400F4F72A /* Sources */,
				D6F0D21C2C75D00400F4F72A /* Frameworks */,
				D6F0D21D2C75D00400F4F72A /* Resources */,
			);
			buildRules = (
			);
			dependencies = (
				D6F0D2212C75D00400F4F72A /* PBXTargetDependency */,
			);
			name = EX_NetflixTests;
			productName = EX_NetflixTests;
			productReference = D6F0D21F2C75D00400F4F72A /* EX_NetflixTests.xctest */;
			productType = "com.apple.product-type.bundle.unit-test";
		};
		D6F0D2282C75D00400F4F72A /* EX_NetflixUITests */ = {
			isa = PBXNativeTarget;
			buildConfigurationList = D6F0D2392C75D00400F4F72A /* Build configuration list for PBXNativeTarget "EX_NetflixUITests" */;
			buildPhases = (
				D6F0D2252C75D00400F4F72A /* Sources */,
				D6F0D2262C75D00400F4F72A /* Frameworks */,
				D6F0D2272C75D00400F4F72A /* Resources */,
			);
			buildRules = (
			);
			dependencies = (
				D6F0D22B2C75D00400F4F72A /* PBXTargetDependency */,
			);
			name = EX_NetflixUITests;
			productName = EX_NetflixUITests;
			productReference = D6F0D2292C75D00400F4F72A /* EX_NetflixUITests.xctest */;
			productType = "com.apple.product-type.bundle.ui-testing";
		};
/* End PBXNativeTarget section */

/* Begin PBXProject section */
		D6F0D2012C75D00200F4F72A /* Project object */ = {
			isa = PBXProject;
			attributes = {
				BuildIndependentTargetsInParallel = 1;
				LastSwiftUpdateCheck = 1530;
				LastUpgradeCheck = 1530;
				TargetAttributes = {
					D6F0D2082C75D00200F4F72A = {
						CreatedOnToolsVersion = 15.3;
					};
					D6F0D21E2C75D00400F4F72A = {
						CreatedOnToolsVersion = 15.3;
						TestTargetID = D6F0D2082C75D00200F4F72A;
					};
					D6F0D2282C75D00400F4F72A = {
						CreatedOnToolsVersion = 15.3;
						TestTargetID = D6F0D2082C75D00200F4F72A;
					};
				};
			};
			buildConfigurationList = D6F0D2042C75D00200F4F72A /* Build configuration list for PBXProject "EX_Netflix" */;
			compatibilityVersion = "Xcode 14.0";
			developmentRegion = en;
			hasScannedForEncodings = 0;
			knownRegions = (
				en,
				Base,
			);
			mainGroup = D6F0D2002C75D00200F4F72A;
			productRefGroup = D6F0D20A2C75D00200F4F72A /* Products */;
			projectDirPath = "";
			projectRoot = "";
			targets = (
				D6F0D2082C75D00200F4F72A /* EX_Netflix */,
				D6F0D21E2C75D00400F4F72A /* EX_NetflixTests */,
				D6F0D2282C75D00400F4F72A /* EX_NetflixUITests */,
			);
		};
/* End PBXProject section */

/* Begin PBXResourcesBuildPhase section */
		D6F0D2072C75D00200F4F72A /* Resources */ = {
			isa = PBXResourcesBuildPhase;
			buildActionMask = 2147483647;
			files = (
				D6F0D2162C75D00400F4F72A /* Assets.xcassets in Resources */,
				D6F0D2192C75D00400F4F72A /* Base in Resources */,
				D6F0D2142C75D00200F4F72A /* Base in Resources */,
			);
			runOnlyForDeploymentPostprocessing = 0;
		};
		D6F0D21D2C75D00400F4F72A /* Resources */ = {
			isa = PBXResourcesBuildPhase;
			buildActionMask = 2147483647;
			files = (
			);
			runOnlyForDeploymentPostprocessing = 0;
		};
		D6F0D2272C75D00400F4F72A /* Resources */ = {
			isa = PBXResourcesBuildPhase;
			buildActionMask = 2147483647;
			files = (
			);
			runOnlyForDeploymentPostprocessing = 0;
		};
/* End PBXResourcesBuildPhase section */

/* Begin PBXSourcesBuildPhase section */
		D6F0D2052C75D00200F4F72A /* Sources */ = {
			isa = PBXSourcesBuildPhase;
			buildActionMask = 2147483647;
			files = (
				D6F0D2442C76D31D00F4F72A /* SearchViewController.swift in Sources */,
				D6F0D2112C75D00200F4F72A /* MainTabBarViewController.swift in Sources */,
				D6F0D24D2C76F28300F4F72A /* CollectionViewTableViewCell.swift in Sources */,
				D6F0D2462C76D33400F4F72A /* DownloadsViewController.swift in Sources */,
				D6F0D20D2C75D00200F4F72A /* AppDelegate.swift in Sources */,
				D6F0D20F2C75D00200F4F72A /* SceneDelegate.swift in Sources */,
				D6F0D2422C76D30500F4F72A /* UpcomingViewController.swift in Sources */,
				D6F0D2402C76D2E300F4F72A /* HomeViewController.swift in Sources */,
			);
			runOnlyForDeploymentPostprocessing = 0;
		};
		D6F0D21B2C75D00400F4F72A /* Sources */ = {
			isa = PBXSourcesBuildPhase;
			buildActionMask = 2147483647;
			files = (
				D6F0D2242C75D00400F4F72A /* EX_NetflixTests.swift in Sources */,
			);
			runOnlyForDeploymentPostprocessing = 0;
		};
		D6F0D2252C75D00400F4F72A /* Sources */ = {
			isa = PBXSourcesBuildPhase;
			buildActionMask = 2147483647;
			files = (
				D6F0D2302C75D00400F4F72A /* EX_NetflixUITestsLaunchTests.swift in Sources */,
				D6F0D22E2C75D00400F4F72A /* EX_NetflixUITests.swift in Sources */,
			);
			runOnlyForDeploymentPostprocessing = 0;
		};
/* End PBXSourcesBuildPhase section */

/* Begin PBXTargetDependency section */
		D6F0D2212C75D00400F4F72A /* PBXTargetDependency */ = {
			isa = PBXTargetDependency;
			target = D6F0D2082C75D00200F4F72A /* EX_Netflix */;
			targetProxy = D6F0D2202C75D00400F4F72A /* PBXContainerItemProxy */;
		};
		D6F0D22B2C75D00400F4F72A /* PBXTargetDependency */ = {
			isa = PBXTargetDependency;
			target = D6F0D2082C75D00200F4F72A /* EX_Netflix */;
			targetProxy = D6F0D22A2C75D00400F4F72A /* PBXContainerItemProxy */;
		};
/* End PBXTargetDependency section */

/* Begin PBXVariantGroup section */
		D6F0D2122C75D00200F4F72A /* Main.storyboard */ = {
			isa = PBXVariantGroup;
			children = (
				D6F0D2132C75D00200F4F72A /* Base */,
			);
			name = Main.storyboard;
			sourceTree = "<group>";
		};
		D6F0D2172C75D00400F4F72A /* LaunchScreen.storyboard */ = {
			isa = PBXVariantGroup;
			children = (
				D6F0D2182C75D00400F4F72A /* Base */,
			);
			name = LaunchScreen.storyboard;
			sourceTree = "<group>";
		};
/* End PBXVariantGroup section */

/* Begin XCBuildConfiguration section */
		D6F0D2312C75D00400F4F72A /* Debug */ = {
			isa = XCBuildConfiguration;
			buildSettings = {
				ALWAYS_SEARCH_USER_PATHS = NO;
				ASSETCATALOG_COMPILER_GENERATE_SWIFT_ASSET_SYMBOL_EXTENSIONS = YES;
				CLANG_ANALYZER_NONNULL = YES;
				CLANG_ANALYZER_NUMBER_OBJECT_CONVERSION = YES_AGGRESSIVE;
				CLANG_CXX_LANGUAGE_STANDARD = "gnu++20";
				CLANG_ENABLE_MODULES = YES;
				CLANG_ENABLE_OBJC_ARC = YES;
				CLANG_ENABLE_OBJC_WEAK = YES;
				CLANG_WARN_BLOCK_CAPTURE_AUTORELEASING = YES;
				CLANG_WARN_BOOL_CONVERSION = YES;
				CLANG_WARN_COMMA = YES;
				CLANG_WARN_CONSTANT_CONVERSION = YES;
				CLANG_WARN_DEPRECATED_OBJC_IMPLEMENTATIONS = YES;
				CLANG_WARN_DIRECT_OBJC_ISA_USAGE = YES_ERROR;
				CLANG_WARN_DOCUMENTATION_COMMENTS = YES;
				CLANG_WARN_EMPTY_BODY = YES;
				CLANG_WARN_ENUM_CONVERSION = YES;
				CLANG_WARN_INFINITE_RECURSION = YES;
				CLANG_WARN_INT_CONVERSION = YES;
				CLANG_WARN_NON_LITERAL_NULL_CONVERSION = YES;
				CLANG_WARN_OBJC_IMPLICIT_RETAIN_SELF = YES;
				CLANG_WARN_OBJC_LITERAL_CONVERSION = YES;
				CLANG_WARN_OBJC_ROOT_CLASS = YES_ERROR;
				CLANG_WARN_QUOTED_INCLUDE_IN_FRAMEWORK_HEADER = YES;
				CLANG_WARN_RANGE_LOOP_ANALYSIS = YES;
				CLANG_WARN_STRICT_PROTOTYPES = YES;
				CLANG_WARN_SUSPICIOUS_MOVE = YES;
				CLANG_WARN_UNGUARDED_AVAILABILITY = YES_AGGRESSIVE;
				CLANG_WARN_UNREACHABLE_CODE = YES;
				CLANG_WARN__DUPLICATE_METHOD_MATCH = YES;
				COPY_PHASE_STRIP = NO;
				DEBUG_INFORMATION_FORMAT = dwarf;
				ENABLE_STRICT_OBJC_MSGSEND = YES;
				ENABLE_TESTABILITY = YES;
				ENABLE_USER_SCRIPT_SANDBOXING = YES;
				GCC_C_LANGUAGE_STANDARD = gnu17;
				GCC_DYNAMIC_NO_PIC = NO;
				GCC_NO_COMMON_BLOCKS = YES;
				GCC_OPTIMIZATION_LEVEL = 0;
				GCC_PREPROCESSOR_DEFINITIONS = (
					"DEBUG=1",
					"$(inherited)",
				);
				GCC_WARN_64_TO_32_BIT_CONVERSION = YES;
				GCC_WARN_ABOUT_RETURN_TYPE = YES_ERROR;
				GCC_WARN_UNDECLARED_SELECTOR = YES;
				GCC_WARN_UNINITIALIZED_AUTOS = YES_AGGRESSIVE;
				GCC_WARN_UNUSED_FUNCTION = YES;
				GCC_WARN_UNUSED_VARIABLE = YES;
				IPHONEOS_DEPLOYMENT_TARGET = 17.4;
				LOCALIZATION_PREFERS_STRING_CATALOGS = YES;
				MTL_ENABLE_DEBUG_INFO = INCLUDE_SOURCE;
				MTL_FAST_MATH = YES;
				ONLY_ACTIVE_ARCH = YES;
				SDKROOT = iphoneos;
				SWIFT_ACTIVE_COMPILATION_CONDITIONS = "DEBUG $(inherited)";
				SWIFT_OPTIMIZATION_LEVEL = "-Onone";
			};
			name = Debug;
		};
		D6F0D2322C75D00400F4F72A /* Release */ = {
			isa = XCBuildConfiguration;
			buildSettings = {
				ALWAYS_SEARCH_USER_PATHS = NO;
				ASSETCATALOG_COMPILER_GENERATE_SWIFT_ASSET_SYMBOL_EXTENSIONS = YES;
				CLANG_ANALYZER_NONNULL = YES;
				CLANG_ANALYZER_NUMBER_OBJECT_CONVERSION = YES_AGGRESSIVE;
				CLANG_CXX_LANGUAGE_STANDARD = "gnu++20";
				CLANG_ENABLE_MODULES = YES;
				CLANG_ENABLE_OBJC_ARC = YES;
				CLANG_ENABLE_OBJC_WEAK = YES;
				CLANG_WARN_BLOCK_CAPTURE_AUTORELEASING = YES;
				CLANG_WARN_BOOL_CONVERSION = YES;
				CLANG_WARN_COMMA = YES;
				CLANG_WARN_CONSTANT_CONVERSION = YES;
				CLANG_WARN_DEPRECATED_OBJC_IMPLEMENTATIONS = YES;
				CLANG_WARN_DIRECT_OBJC_ISA_USAGE = YES_ERROR;
				CLANG_WARN_DOCUMENTATION_COMMENTS = YES;
				CLANG_WARN_EMPTY_BODY = YES;
				CLANG_WARN_ENUM_CONVERSION = YES;
				CLANG_WARN_INFINITE_RECURSION = YES;
				CLANG_WARN_INT_CONVERSION = YES;
				CLANG_WARN_NON_LITERAL_NULL_CONVERSION = YES;
				CLANG_WARN_OBJC_IMPLICIT_RETAIN_SELF = YES;
				CLANG_WARN_OBJC_LITERAL_CONVERSION = YES;
				CLANG_WARN_OBJC_ROOT_CLASS = YES_ERROR;
				CLANG_WARN_QUOTED_INCLUDE_IN_FRAMEWORK_HEADER = YES;
				CLANG_WARN_RANGE_LOOP_ANALYSIS = YES;
				CLANG_WARN_STRICT_PROTOTYPES = YES;
				CLANG_WARN_SUSPICIOUS_MOVE = YES;
				CLANG_WARN_UNGUARDED_AVAILABILITY = YES_AGGRESSIVE;
				CLANG_WARN_UNREACHABLE_CODE = YES;
				CLANG_WARN__DUPLICATE_METHOD_MATCH = YES;
				COPY_PHASE_STRIP = NO;
				DEBUG_INFORMATION_FORMAT = "dwarf-with-dsym";
				ENABLE_NS_ASSERTIONS = NO;
				ENABLE_STRICT_OBJC_MSGSEND = YES;
				ENABLE_USER_SCRIPT_SANDBOXING = YES;
				GCC_C_LANGUAGE_STANDARD = gnu17;
				GCC_NO_COMMON_BLOCKS = YES;
				GCC_WARN_64_TO_32_BIT_CONVERSION = YES;
				GCC_WARN_ABOUT_RETURN_TYPE = YES_ERROR;
				GCC_WARN_UNDECLARED_SELECTOR = YES;
				GCC_WARN_UNINITIALIZED_AUTOS = YES_AGGRESSIVE;
				GCC_WARN_UNUSED_FUNCTION = YES;
				GCC_WARN_UNUSED_VARIABLE = YES;
				IPHONEOS_DEPLOYMENT_TARGET = 17.4;
				LOCALIZATION_PREFERS_STRING_CATALOGS = YES;
				MTL_ENABLE_DEBUG_INFO = NO;
				MTL_FAST_MATH = YES;
				SDKROOT = iphoneos;
				SWIFT_COMPILATION_MODE = wholemodule;
				VALIDATE_PRODUCT = YES;
			};
			name = Release;
		};
		D6F0D2342C75D00400F4F72A /* Debug */ = {
			isa = XCBuildConfiguration;
			buildSettings = {
				ASSETCATALOG_COMPILER_APPICON_NAME = AppIcon;
				ASSETCATALOG_COMPILER_GLOBAL_ACCENT_COLOR_NAME = AccentColor;
				CODE_SIGN_STYLE = Automatic;
				CURRENT_PROJECT_VERSION = 1;
				DEVELOPMENT_TEAM = N676ZFA7W8;
				GENERATE_INFOPLIST_FILE = YES;
				INFOPLIST_FILE = EX_Netflix/Info.plist;
				INFOPLIST_KEY_UIApplicationSupportsIndirectInputEvents = YES;
				INFOPLIST_KEY_UILaunchStoryboardName = LaunchScreen;
				INFOPLIST_KEY_UIMainStoryboardFile = Main;
				INFOPLIST_KEY_UISupportedInterfaceOrientations_iPad = "UIInterfaceOrientationPortrait UIInterfaceOrientationPortraitUpsideDown UIInterfaceOrientationLandscapeLeft UIInterfaceOrientationLandscapeRight";
				INFOPLIST_KEY_UISupportedInterfaceOrientations_iPhone = "UIInterfaceOrientationPortrait UIInterfaceOrientationLandscapeLeft UIInterfaceOrientationLandscapeRight";
				LD_RUNPATH_SEARCH_PATHS = (
					"$(inherited)",
					"@executable_path/Frameworks",
				);
				MARKETING_VERSION = 1.0;
				PRODUCT_BUNDLE_IDENTIFIER = "quarang.EX-Netflix";
				PRODUCT_NAME = "$(TARGET_NAME)";
				SWIFT_EMIT_LOC_STRINGS = YES;
				SWIFT_VERSION = 5.0;
				TARGETED_DEVICE_FAMILY = "1,2";
			};
			name = Debug;
		};
		D6F0D2352C75D00400F4F72A /* Release */ = {
			isa = XCBuildConfiguration;
			buildSettings = {
				ASSETCATALOG_COMPILER_APPICON_NAME = AppIcon;
				ASSETCATALOG_COMPILER_GLOBAL_ACCENT_COLOR_NAME = AccentColor;
				CODE_SIGN_STYLE = Automatic;
				CURRENT_PROJECT_VERSION = 1;
				DEVELOPMENT_TEAM = N676ZFA7W8;
				GENERATE_INFOPLIST_FILE = YES;
				INFOPLIST_FILE = EX_Netflix/Info.plist;
				INFOPLIST_KEY_UIApplicationSupportsIndirectInputEvents = YES;
				INFOPLIST_KEY_UILaunchStoryboardName = LaunchScreen;
				INFOPLIST_KEY_UIMainStoryboardFile = Main;
				INFOPLIST_KEY_UISupportedInterfaceOrientations_iPad = "UIInterfaceOrientationPortrait UIInterfaceOrientationPortraitUpsideDown UIInterfaceOrientationLandscapeLeft UIInterfaceOrientationLandscapeRight";
				INFOPLIST_KEY_UISupportedInterfaceOrientations_iPhone = "UIInterfaceOrientationPortrait UIInterfaceOrientationLandscapeLeft UIInterfaceOrientationLandscapeRight";
				LD_RUNPATH_SEARCH_PATHS = (
					"$(inherited)",
					"@executable_path/Frameworks",
				);
				MARKETING_VERSION = 1.0;
				PRODUCT_BUNDLE_IDENTIFIER = "quarang.EX-Netflix";
				PRODUCT_NAME = "$(TARGET_NAME)";
				SWIFT_EMIT_LOC_STRINGS = YES;
				SWIFT_VERSION = 5.0;
				TARGETED_DEVICE_FAMILY = "1,2";
			};
			name = Release;
		};
		D6F0D2372C75D00400F4F72A /* Debug */ = {
			isa = XCBuildConfiguration;
			buildSettings = {
				ALWAYS_EMBED_SWIFT_STANDARD_LIBRARIES = YES;
				BUNDLE_LOADER = "$(TEST_HOST)";
				CODE_SIGN_STYLE = Automatic;
				CURRENT_PROJECT_VERSION = 1;
				DEVELOPMENT_TEAM = N676ZFA7W8;
				GENERATE_INFOPLIST_FILE = YES;
				IPHONEOS_DEPLOYMENT_TARGET = 17.4;
				MARKETING_VERSION = 1.0;
				PRODUCT_BUNDLE_IDENTIFIER = "quarang.EX-NetflixTests";
				PRODUCT_NAME = "$(TARGET_NAME)";
				SWIFT_EMIT_LOC_STRINGS = NO;
				SWIFT_VERSION = 5.0;
				TARGETED_DEVICE_FAMILY = "1,2";
				TEST_HOST = "$(BUILT_PRODUCTS_DIR)/EX_Netflix.app/$(BUNDLE_EXECUTABLE_FOLDER_PATH)/EX_Netflix";
			};
			name = Debug;
		};
		D6F0D2382C75D00400F4F72A /* Release */ = {
			isa = XCBuildConfiguration;
			buildSettings = {
				ALWAYS_EMBED_SWIFT_STANDARD_LIBRARIES = YES;
				BUNDLE_LOADER = "$(TEST_HOST)";
				CODE_SIGN_STYLE = Automatic;
				CURRENT_PROJECT_VERSION = 1;
				DEVELOPMENT_TEAM = N676ZFA7W8;
				GENERATE_INFOPLIST_FILE = YES;
				IPHONEOS_DEPLOYMENT_TARGET = 17.4;
				MARKETING_VERSION = 1.0;
				PRODUCT_BUNDLE_IDENTIFIER = "quarang.EX-NetflixTests";
				PRODUCT_NAME = "$(TARGET_NAME)";
				SWIFT_EMIT_LOC_STRINGS = NO;
				SWIFT_VERSION = 5.0;
				TARGETED_DEVICE_FAMILY = "1,2";
				TEST_HOST = "$(BUILT_PRODUCTS_DIR)/EX_Netflix.app/$(BUNDLE_EXECUTABLE_FOLDER_PATH)/EX_Netflix";
			};
			name = Release;
		};
		D6F0D23A2C75D00400F4F72A /* Debug */ = {
			isa = XCBuildConfiguration;
			buildSettings = {
				ALWAYS_EMBED_SWIFT_STANDARD_LIBRARIES = YES;
				CODE_SIGN_STYLE = Automatic;
				CURRENT_PROJECT_VERSION = 1;
				DEVELOPMENT_TEAM = N676ZFA7W8;
				GENERATE_INFOPLIST_FILE = YES;
				MARKETING_VERSION = 1.0;
				PRODUCT_BUNDLE_IDENTIFIER = "quarang.EX-NetflixUITests";
				PRODUCT_NAME = "$(TARGET_NAME)";
				SWIFT_EMIT_LOC_STRINGS = NO;
				SWIFT_VERSION = 5.0;
				TARGETED_DEVICE_FAMILY = "1,2";
				TEST_TARGET_NAME = EX_Netflix;
			};
			name = Debug;
		};
		D6F0D23B2C75D00400F4F72A /* Release */ = {
			isa = XCBuildConfiguration;
			buildSettings = {
				ALWAYS_EMBED_SWIFT_STANDARD_LIBRARIES = YES;
				CODE_SIGN_STYLE = Automatic;
				CURRENT_PROJECT_VERSION = 1;
				DEVELOPMENT_TEAM = N676ZFA7W8;
				GENERATE_INFOPLIST_FILE = YES;
				MARKETING_VERSION = 1.0;
				PRODUCT_BUNDLE_IDENTIFIER = "quarang.EX-NetflixUITests";
				PRODUCT_NAME = "$(TARGET_NAME)";
				SWIFT_EMIT_LOC_STRINGS = NO;
				SWIFT_VERSION = 5.0;
				TARGETED_DEVICE_FAMILY = "1,2";
				TEST_TARGET_NAME = EX_Netflix;
			};
			name = Release;
		};
/* End XCBuildConfiguration section */

/* Begin XCConfigurationList section */
		D6F0D2042C75D00200F4F72A /* Build configuration list for PBXProject "EX_Netflix" */ = {
			isa = XCConfigurationList;
			buildConfigurations = (
				D6F0D2312C75D00400F4F72A /* Debug */,
				D6F0D2322C75D00400F4F72A /* Release */,
			);
			defaultConfigurationIsVisible = 0;
			defaultConfigurationName = Release;
		};
		D6F0D2332C75D00400F4F72A /* Build configuration list for PBXNativeTarget "EX_Netflix" */ = {
			isa = XCConfigurationList;
			buildConfigurations = (
				D6F0D2342C75D00400F4F72A /* Debug */,
				D6F0D2352C75D00400F4F72A /* Release */,
			);
			defaultConfigurationIsVisible = 0;
			defaultConfigurationName = Release;
		};
		D6F0D2362C75D00400F4F72A /* Build configuration list for PBXNativeTarget "EX_NetflixTests" */ = {
			isa = XCConfigurationList;
			buildConfigurations = (
				D6F0D2372C75D00400F4F72A /* Debug */,
				D6F0D2382C75D00400F4F72A /* Release */,
			);
			defaultConfigurationIsVisible = 0;
			defaultConfigurationName = Release;
		};
		D6F0D2392C75D00400F4F72A /* Build configuration list for PBXNativeTarget "EX_NetflixUITests" */ = {
			isa = XCConfigurationList;
			buildConfigurations = (
				D6F0D23A2C75D00400F4F72A /* Debug */,
				D6F0D23B2C75D00400F4F72A /* Release */,
			);
			defaultConfigurationIsVisible = 0;
			defaultConfigurationName = Release;
		};
/* End XCConfigurationList section */
	};
	rootObject = D6F0D2012C75D00200F4F72A /* Project object */;
}
